
Microsoft Visual Studio Solution File, Format Version 12.00
# Visual Studio Version 16
VisualStudioVersion = 16.0.32228.343
MinimumVisualStudioVersion = 10.0.40219.1
Project("{E24C65DC-7377-472B-9ABA-BC803B73C61A}") = "U7", ".", "{2EECDEE6-E33C-4DB7-92CA-945850915392}"
	ProjectSection(WebsiteProperties) = preProject
		TargetFrameworkMoniker = ".NETFramework,Version%3Dv4.0"
		Debug.AspNetCompiler.VirtualPath = "/localhost_62036"
		Debug.AspNetCompiler.PhysicalPath = "..\U7\"
		Debug.AspNetCompiler.TargetPath = "PrecompiledWeb\localhost_62036\"
		Debug.AspNetCompiler.Updateable = "true"
		Debug.AspNetCompiler.ForceOverwrite = "true"
		Debug.AspNetCompiler.FixedNames = "false"
		Debug.AspNetCompiler.Debug = "True"
		Release.AspNetCompiler.VirtualPath = "/localhost_62036"
		Release.AspNetCompiler.PhysicalPath = "..\U7\"
		Release.AspNetCompiler.TargetPath = "PrecompiledWeb\localhost_62036\"
		Release.AspNetCompiler.Updateable = "true"
		Release.AspNetCompiler.ForceOverwrite = "true"
		Release.AspNetCompiler.FixedNames = "false"
		Release.AspNetCompiler.Debug = "False"
		VWDPort = "62036"
		SlnRelativePath = "..\U7\"
		DefaultWebSiteLanguage = "Visual C#"
	EndProjectSection
EndProject
Global
	GlobalSection(SolutionConfigurationPlatforms) = preSolution
		Debug|Any CPU = Debug|Any CPU
	EndGlobalSection
	GlobalSection(ProjectConfigurationPlatforms) = postSolution
		{2EECDEE6-E33C-4DB7-92CA-945850915392}.Debug|Any CPU.ActiveCfg = Debug|Any CPU
		{2EECDEE6-E33C-4DB7-92CA-945850915392}.Debug|Any CPU.Build.0 = Debug|Any CPU
	EndGlobalSection
	GlobalSection(SolutionProperties) = preSolution
		HideSolutionNode = FALSE
	EndGlobalSection
	GlobalSection(ExtensibilityGlobals) = postSolution
		SolutionGuid = {8E4553EA-7A6F-4238-9362-22542C728A61}
	EndGlobalSection
EndGlobal
